// !$*UTF8*$!
{
	archiveVersion = 1;
	classes = {
	};
	objectVersion = 50;
	objects = {

/* Begin PBXBuildFile section */
		14E9056D265B31CB008EC936 /* AppDelegate.swift in Sources */ = {isa = PBXBuildFile; fileRef = 14E9056C265B31CB008EC936 /* AppDelegate.swift */; };
		14E9056F265B31CB008EC936 /* SceneDelegate.swift in Sources */ = {isa = PBXBuildFile; fileRef = 14E9056E265B31CB008EC936 /* SceneDelegate.swift */; };
		14E90571265B31CB008EC936 /* ViewController.swift in Sources */ = {isa = PBXBuildFile; fileRef = 14E90570265B31CB008EC936 /* ViewController.swift */; };
		14E90574265B31CB008EC936 /* Main.storyboard in Resources */ = {isa = PBXBuildFile; fileRef = 14E90572265B31CB008EC936 /* Main.storyboard */; };
		14E90576265B31CE008EC936 /* Assets.xcassets in Resources */ = {isa = PBXBuildFile; fileRef = 14E90575265B31CE008EC936 /* Assets.xcassets */; };
		14E90579265B31CE008EC936 /* LaunchScreen.storyboard in Resources */ = {isa = PBXBuildFile; fileRef = 14E90577265B31CE008EC936 /* LaunchScreen.storyboard */; };
		14E90581265B33E0008EC936 /* Common.swift in Sources */ = {isa = PBXBuildFile; fileRef = 14E90580265B33E0008EC936 /* Common.swift */; };
		14E90584265B6D6C008EC936 /* SummaryTableViewCell.swift in Sources */ = {isa = PBXBuildFile; fileRef = 14E90583265B6D6C008EC936 /* SummaryTableViewCell.swift */; };
		14E90586265B6D89008EC936 /* ForecastTableViewCell.swift in Sources */ = {isa = PBXBuildFile; fileRef = 14E90585265B6D89008EC936 /* ForecastTableViewCell.swift */; };
/* End PBXBuildFile section */

/* Begin PBXFileReference section */
		14E90569265B31CB008EC936 /* iOS_Forecast.app */ = {isa = PBXFileReference; explicitFileType = wrapper.application; includeInIndex = 0; path = iOS_Forecast.app; sourceTree = BUILT_PRODUCTS_DIR; };
		14E9056C265B31CB008EC936 /* AppDelegate.swift */ = {isa = PBXFileReference; lastKnownFileType = sourcecode.swift; path = AppDelegate.swift; sourceTree = "<group>"; };
		14E9056E265B31CB008EC936 /* SceneDelegate.swift */ = {isa = PBXFileReference; lastKnownFileType = sourcecode.swift; path = SceneDelegate.swift; sourceTree = "<group>"; };
		14E90570265B31CB008EC936 /* ViewController.swift */ = {isa = PBXFileReference; lastKnownFileType = sourcecode.swift; path = ViewController.swift; sourceTree = "<group>"; };
		14E90573265B31CB008EC936 /* Base */ = {isa = PBXFileReference; lastKnownFileType = file.storyboard; name = Base; path = Base.lproj/Main.storyboard; sourceTree = "<group>"; };
		14E90575265B31CE008EC936 /* Assets.xcassets */ = {isa = PBXFileReference; lastKnownFileType = folder.assetcatalog; path = Assets.xcassets; sourceTree = "<group>"; };
		14E90578265B31CE008EC936 /* Base */ = {isa = PBXFileReference; lastKnownFileType = file.storyboard; name = Base; path = Base.lproj/LaunchScreen.storyboard; sourceTree = "<group>"; };
		14E9057A265B31CE008EC936 /* Info.plist */ = {isa = PBXFileReference; lastKnownFileType = text.plist.xml; path = Info.plist; sourceTree = "<group>"; };
		14E90580265B33E0008EC936 /* Common.swift */ = {isa = PBXFileReference; lastKnownFileType = sourcecode.swift; path = Common.swift; sourceTree = "<group>"; };
		14E90583265B6D6C008EC936 /* SummaryTableViewCell.swift */ = {isa = PBXFileReference; lastKnownFileType = sourcecode.swift; path = SummaryTableViewCell.swift; sourceTree = "<group>"; };
		14E90585265B6D89008EC936 /* ForecastTableViewCell.swift */ = {isa = PBXFileReference; lastKnownFileType = sourcecode.swift; path = ForecastTableViewCell.swift; sourceTree = "<group>"; };
		14E90588265B716C008EC936 /* CurrentWeatherAPI.playground */ = {isa = PBXFileReference; lastKnownFileType = file.playground; path = CurrentWeatherAPI.playground; sourceTree = "<group>"; xcLanguageSpecificationIdentifier = xcode.lang.swift; };
/* End PBXFileReference section */

/* Begin PBXFrameworksBuildPhase section */
		14E90566265B31CB008EC936 /* Frameworks */ = {
			isa = PBXFrameworksBuildPhase;
			buildActionMask = 2147483647;
			files = (
			);
			runOnlyForDeploymentPostprocessing = 0;
		};
/* End PBXFrameworksBuildPhase section */

/* Begin PBXGroup section */
		14E90560265B31CA008EC936 = {
			isa = PBXGroup;
			children = (
				14E9056B265B31CB008EC936 /* iOS_Forecast */,
				14E9056A265B31CB008EC936 /* Products */,
			);
			sourceTree = "<group>";
		};
		14E9056A265B31CB008EC936 /* Products */ = {
			isa = PBXGroup;
			children = (
				14E90569265B31CB008EC936 /* iOS_Forecast.app */,
			);
			name = Products;
			sourceTree = "<group>";
		};
		14E9056B265B31CB008EC936 /* iOS_Forecast */ = {
			isa = PBXGroup;
			children = (
				14E90587265B7147008EC936 /* API */,
				14E90582265B6D3B008EC936 /* Cell */,
				14E9056C265B31CB008EC936 /* AppDelegate.swift */,
				14E9056E265B31CB008EC936 /* SceneDelegate.swift */,
				14E90570265B31CB008EC936 /* ViewController.swift */,
				14E90572265B31CB008EC936 /* Main.storyboard */,
				14E90575265B31CE008EC936 /* Assets.xcassets */,
				14E90577265B31CE008EC936 /* LaunchScreen.storyboard */,
				14E9057A265B31CE008EC936 /* Info.plist */,
				14E90580265B33E0008EC936 /* Common.swift */,
			);
			path = iOS_Forecast;
			sourceTree = "<group>";
		};
		14E90582265B6D3B008EC936 /* Cell */ = {
			isa = PBXGroup;
			children = (
				14E90583265B6D6C008EC936 /* SummaryTableViewCell.swift */,
				14E90585265B6D89008EC936 /* ForecastTableViewCell.swift */,
			);
			path = Cell;
			sourceTree = "<group>";
		};
		14E90587265B7147008EC936 /* API */ = {
			isa = PBXGroup;
			children = (
				14E90588265B716C008EC936 /* CurrentWeatherAPI.playground */,
			);
			path = API;
			sourceTree = "<group>";
		};
/* End PBXGroup section */

/* Begin PBXNativeTarget section */
		14E90568265B31CB008EC936 /* iOS_Forecast */ = {
			isa = PBXNativeTarget;
			buildConfigurationList = 14E9057D265B31CE008EC936 /* Build configuration list for PBXNativeTarget "iOS_Forecast" */;
			buildPhases = (
				14E90565265B31CB008EC936 /* Sources */,
				14E90566265B31CB008EC936 /* Frameworks */,
				14E90567265B31CB008EC936 /* Resources */,
			);
			buildRules = (
			);
			dependencies = (
			);
			name = iOS_Forecast;
			productName = iOS_Forecast;
			productReference = 14E90569265B31CB008EC936 /* iOS_Forecast.app */;
			productType = "com.apple.product-type.application";
		};
/* End PBXNativeTarget section */

/* Begin PBXProject section */
		14E90561265B31CA008EC936 /* Project object */ = {
			isa = PBXProject;
			attributes = {
				LastSwiftUpdateCheck = 1250;
				LastUpgradeCheck = 1250;
				TargetAttributes = {
					14E90568265B31CB008EC936 = {
						CreatedOnToolsVersion = 12.5;
					};
				};
			};
			buildConfigurationList = 14E90564265B31CA008EC936 /* Build configuration list for PBXProject "iOS_Forecast" */;
			compatibilityVersion = "Xcode 9.3";
			developmentRegion = en;
			hasScannedForEncodings = 0;
			knownRegions = (
				en,
				Base,
			);
			mainGroup = 14E90560265B31CA008EC936;
			productRefGroup = 14E9056A265B31CB008EC936 /* Products */;
			projectDirPath = "";
			projectRoot = "";
			targets = (
				14E90568265B31CB008EC936 /* iOS_Forecast */,
			);
		};
/* End PBXProject section */

/* Begin PBXResourcesBuildPhase section */
		14E90567265B31CB008EC936 /* Resources */ = {
			isa = PBXResourcesBuildPhase;
			buildActionMask = 2147483647;
			files = (
				14E90579265B31CE008EC936 /* LaunchScreen.storyboard in Resources */,
				14E90576265B31CE008EC936 /* Assets.xcassets in Resources */,
				14E90574265B31CB008EC936 /* Main.storyboard in Resources */,
			);
			runOnlyForDeploymentPostprocessing = 0;
		};
/* End PBXResourcesBuildPhase section */

/* Begin PBXSourcesBuildPhase section */
		14E90565265B31CB008EC936 /* Sources */ = {
			isa = PBXSourcesBuildPhase;
			buildActionMask = 2147483647;
			files = (
				14E90586265B6D89008EC936 /* ForecastTableViewCell.swift in Sources */,
				14E90581265B33E0008EC936 /* Common.swift in Sources */,
				14E90571265B31CB008EC936 /* ViewController.swift in Sources */,
				14E9056D265B31CB008EC936 /* AppDelegate.swift in Sources */,
				14E90584265B6D6C008EC936 /* SummaryTableViewCell.swift in Sources */,
				14E9056F265B31CB008EC936 /* SceneDelegate.swift in Sources */,
			);
			runOnlyForDeploymentPostprocessing = 0;
		};
/* End PBXSourcesBuildPhase section */

/* Begin PBXVariantGroup section */
		14E90572265B31CB008EC936 /* Main.storyboard */ = {
			isa = PBXVariantGroup;
			children = (
				14E90573265B31CB008EC936 /* Base */,
			);
			name = Main.storyboard;
			sourceTree = "<group>";
		};
		14E90577265B31CE008EC936 /* LaunchScreen.storyboard */ = {
			isa = PBXVariantGroup;
			children = (
				14E90578265B31CE008EC936 /* Base */,
			);
			name = LaunchScreen.storyboard;
			sourceTree = "<group>";
		};
/* End PBXVariantGroup section */

/* Begin XCBuildConfiguration section */
		14E9057B265B31CE008EC936 /* Debug */ = {
			isa = XCBuildConfiguration;
			buildSettings = {
				ALWAYS_SEARCH_USER_PATHS = NO;
				CLANG_ANALYZER_NONNULL = YES;
				CLANG_ANALYZER_NUMBER_OBJECT_CONVERSION = YES_AGGRESSIVE;
				CLANG_CXX_LANGUAGE_STANDARD = "gnu++14";
				CLANG_CXX_LIBRARY = "libc++";
				CLANG_ENABLE_MODULES = YES;
				CLANG_ENABLE_OBJC_ARC = YES;
				CLANG_ENABLE_OBJC_WEAK = YES;
				CLANG_WARN_BLOCK_CAPTURE_AUTORELEASING = YES;
				CLANG_WARN_BOOL_CONVERSION = YES;
				CLANG_WARN_COMMA = YES;
				CLANG_WARN_CONSTANT_CONVERSION = YES;
				CLANG_WARN_DEPRECATED_OBJC_IMPLEMENTATIONS = YES;
				CLANG_WARN_DIRECT_OBJC_ISA_USAGE = YES_ERROR;
				CLANG_WARN_DOCUMENTATION_COMMENTS = YES;
				CLANG_WARN_EMPTY_BODY = YES;
				CLANG_WARN_ENUM_CONVERSION = YES;
				CLANG_WARN_INFINITE_RECURSION = YES;
				CLANG_WARN_INT_CONVERSION = YES;
				CLANG_WARN_NON_LITERAL_NULL_CONVERSION = YES;
				CLANG_WARN_OBJC_IMPLICIT_RETAIN_SELF = YES;
				CLANG_WARN_OBJC_LITERAL_CONVERSION = YES;
				CLANG_WARN_OBJC_ROOT_CLASS = YES_ERROR;
				CLANG_WARN_QUOTED_INCLUDE_IN_FRAMEWORK_HEADER = YES;
				CLANG_WARN_RANGE_LOOP_ANALYSIS = YES;
				CLANG_WARN_STRICT_PROTOTYPES = YES;
				CLANG_WARN_SUSPICIOUS_MOVE = YES;
				CLANG_WARN_UNGUARDED_AVAILABILITY = YES_AGGRESSIVE;
				CLANG_WARN_UNREACHABLE_CODE = YES;
				CLANG_WARN__DUPLICATE_METHOD_MATCH = YES;
				COPY_PHASE_STRIP = NO;
				DEBUG_INFORMATION_FORMAT = dwarf;
				ENABLE_STRICT_OBJC_MSGSEND = YES;
				ENABLE_TESTABILITY = YES;
				GCC_C_LANGUAGE_STANDARD = gnu11;
				GCC_DYNAMIC_NO_PIC = NO;
				GCC_NO_COMMON_BLOCKS = YES;
				GCC_OPTIMIZATION_LEVEL = 0;
				GCC_PREPROCESSOR_DEFINITIONS = (
					"DEBUG=1",
					"$(inherited)",
				);
				GCC_WARN_64_TO_32_BIT_CONVERSION = YES;
				GCC_WARN_ABOUT_RETURN_TYPE = YES_ERROR;
				GCC_WARN_UNDECLARED_SELECTOR = YES;
				GCC_WARN_UNINITIALIZED_AUTOS = YES_AGGRESSIVE;
				GCC_WARN_UNUSED_FUNCTION = YES;
				GCC_WARN_UNUSED_VARIABLE = YES;
				IPHONEOS_DEPLOYMENT_TARGET = 14.5;
				MTL_ENABLE_DEBUG_INFO = INCLUDE_SOURCE;
				MTL_FAST_MATH = YES;
				ONLY_ACTIVE_ARCH = YES;
				SDKROOT = iphoneos;
				SWIFT_ACTIVE_COMPILATION_CONDITIONS = DEBUG;
				SWIFT_OPTIMIZATION_LEVEL = "-Onone";
			};
			name = Debug;
		};
		14E9057C265B31CE008EC936 /* Release */ = {
			isa = XCBuildConfiguration;
			buildSettings = {
				ALWAYS_SEARCH_USER_PATHS = NO;
				CLANG_ANALYZER_NONNULL = YES;
				CLANG_ANALYZER_NUMBER_OBJECT_CONVERSION = YES_AGGRESSIVE;
				CLANG_CXX_LANGUAGE_STANDARD = "gnu++14";
				CLANG_CXX_LIBRARY = "libc++";
				CLANG_ENABLE_MODULES = YES;
				CLANG_ENABLE_OBJC_ARC = YES;
				CLANG_ENABLE_OBJC_WEAK = YES;
				CLANG_WARN_BLOCK_CAPTURE_AUTORELEASING = YES;
				CLANG_WARN_BOOL_CONVERSION = YES;
				CLANG_WARN_COMMA = YES;
				CLANG_WARN_CONSTANT_CONVERSION = YES;
				CLANG_WARN_DEPRECATED_OBJC_IMPLEMENTATIONS = YES;
				CLANG_WARN_DIRECT_OBJC_ISA_USAGE = YES_ERROR;
				CLANG_WARN_DOCUMENTATION_COMMENTS = YES;
				CLANG_WARN_EMPTY_BODY = YES;
				CLANG_WARN_ENUM_CONVERSION = YES;
				CLANG_WARN_INFINITE_RECURSION = YES;
				CLANG_WARN_INT_CONVERSION = YES;
				CLANG_WARN_NON_LITERAL_NULL_CONVERSION = YES;
				CLANG_WARN_OBJC_IMPLICIT_RETAIN_SELF = YES;
				CLANG_WARN_OBJC_LITERAL_CONVERSION = YES;
				CLANG_WARN_OBJC_ROOT_CLASS = YES_ERROR;
				CLANG_WARN_QUOTED_INCLUDE_IN_FRAMEWORK_HEADER = YES;
				CLANG_WARN_RANGE_LOOP_ANALYSIS = YES;
				CLANG_WARN_STRICT_PROTOTYPES = YES;
				CLANG_WARN_SUSPICIOUS_MOVE = YES;
				CLANG_WARN_UNGUARDED_AVAILABILITY = YES_AGGRESSIVE;
				CLANG_WARN_UNREACHABLE_CODE = YES;
				CLANG_WARN__DUPLICATE_METHOD_MATCH = YES;
				COPY_PHASE_STRIP = NO;
				DEBUG_INFORMATION_FORMAT = "dwarf-with-dsym";
				ENABLE_NS_ASSERTIONS = NO;
				ENABLE_STRICT_OBJC_MSGSEND = YES;
				GCC_C_LANGUAGE_STANDARD = gnu11;
				GCC_NO_COMMON_BLOCKS = YES;
				GCC_WARN_64_TO_32_BIT_CONVERSION = YES;
				GCC_WARN_ABOUT_RETURN_TYPE = YES_ERROR;
				GCC_WARN_UNDECLARED_SELECTOR = YES;
				GCC_WARN_UNINITIALIZED_AUTOS = YES_AGGRESSIVE;
				GCC_WARN_UNUSED_FUNCTION = YES;
				GCC_WARN_UNUSED_VARIABLE = YES;
				IPHONEOS_DEPLOYMENT_TARGET = 14.5;
				MTL_ENABLE_DEBUG_INFO = NO;
				MTL_FAST_MATH = YES;
				SDKROOT = iphoneos;
				SWIFT_COMPILATION_MODE = wholemodule;
				SWIFT_OPTIMIZATION_LEVEL = "-O";
				VALIDATE_PRODUCT = YES;
			};
			name = Release;
		};
		14E9057E265B31CE008EC936 /* Debug */ = {
			isa = XCBuildConfiguration;
			buildSettings = {
				ASSETCATALOG_COMPILER_APPICON_NAME = AppIcon;
				ASSETCATALOG_COMPILER_GLOBAL_ACCENT_COLOR_NAME = AccentColor;
				CODE_SIGN_STYLE = Automatic;
				DEVELOPMENT_TEAM = 99KS64JD42;
				INFOPLIST_FILE = iOS_Forecast/Info.plist;
				IPHONEOS_DEPLOYMENT_TARGET = 11.0;
				LD_RUNPATH_SEARCH_PATHS = (
					"$(inherited)",
					"@executable_path/Frameworks",
				);
				PRODUCT_BUNDLE_IDENTIFIER = "com.jeon.iOS-Forecast";
				PRODUCT_NAME = "$(TARGET_NAME)";
				SWIFT_VERSION = 5.0;
				TARGETED_DEVICE_FAMILY = "1,2";
			};
			name = Debug;
		};
		14E9057F265B31CE008EC936 /* Release */ = {
			isa = XCBuildConfiguration;
			buildSettings = {
				ASSETCATALOG_COMPILER_APPICON_NAME = AppIcon;
				ASSETCATALOG_COMPILER_GLOBAL_ACCENT_COLOR_NAME = AccentColor;
				CODE_SIGN_STYLE = Automatic;
				DEVELOPMENT_TEAM = 99KS64JD42;
				INFOPLIST_FILE = iOS_Forecast/Info.plist;
				IPHONEOS_DEPLOYMENT_TARGET = 11.0;
				LD_RUNPATH_SEARCH_PATHS = (
					"$(inherited)",
					"@executable_path/Frameworks",
				);
				PRODUCT_BUNDLE_IDENTIFIER = "com.jeon.iOS-Forecast";
				PRODUCT_NAME = "$(TARGET_NAME)";
				SWIFT_VERSION = 5.0;
				TARGETED_DEVICE_FAMILY = "1,2";
			};
			name = Release;
		};
/* End XCBuildConfiguration section */

/* Begin XCConfigurationList section */
		14E90564265B31CA008EC936 /* Build configuration list for PBXProject "iOS_Forecast" */ = {
			isa = XCConfigurationList;
			buildConfigurations = (
				14E9057B265B31CE008EC936 /* Debug */,
				14E9057C265B31CE008EC936 /* Release */,
			);
			defaultConfigurationIsVisible = 0;
			defaultConfigurationName = Release;
		};
		14E9057D265B31CE008EC936 /* Build configuration list for PBXNativeTarget "iOS_Forecast" */ = {
			isa = XCConfigurationList;
			buildConfigurations = (
				14E9057E265B31CE008EC936 /* Debug */,
				14E9057F265B31CE008EC936 /* Release */,
			);
			defaultConfigurationIsVisible = 0;
			defaultConfigurationName = Release;
		};
/* End XCConfigurationList section */
	};
	rootObject = 14E90561265B31CA008EC936 /* Project object */;
}
